// !$*UTF8*$!
{
	archiveVersion = 1;
	classes = {
	};
	objectVersion = 55;
	objects = {

/* Begin PBXBuildFile section */
		6F4FB49728339C98001F6857 /* AppDelegate.swift in Sources */ = {isa = PBXBuildFile; fileRef = 6F4FB49628339C98001F6857 /* AppDelegate.swift */; };
		6F4FB49928339C98001F6857 /* SceneDelegate.swift in Sources */ = {isa = PBXBuildFile; fileRef = 6F4FB49828339C98001F6857 /* SceneDelegate.swift */; };
		6F4FB49B28339C98001F6857 /* ViewController.swift in Sources */ = {isa = PBXBuildFile; fileRef = 6F4FB49A28339C98001F6857 /* ViewController.swift */; };
		6F4FB49E28339C98001F6857 /* Main.storyboard in Resources */ = {isa = PBXBuildFile; fileRef = 6F4FB49C28339C98001F6857 /* Main.storyboard */; };
		6F4FB4A028339C9A001F6857 /* Assets.xcassets in Resources */ = {isa = PBXBuildFile; fileRef = 6F4FB49F28339C9A001F6857 /* Assets.xcassets */; };
		6F4FB4A328339C9A001F6857 /* LaunchScreen.storyboard in Resources */ = {isa = PBXBuildFile; fileRef = 6F4FB4A128339C9A001F6857 /* LaunchScreen.storyboard */; };
		6F4FB4AE28339C9A001F6857 /* ChaserTests.swift in Sources */ = {isa = PBXBuildFile; fileRef = 6F4FB4AD28339C9A001F6857 /* ChaserTests.swift */; };
		6F4FB4B828339C9A001F6857 /* ChaserUITests.swift in Sources */ = {isa = PBXBuildFile; fileRef = 6F4FB4B728339C9A001F6857 /* ChaserUITests.swift */; };
		6F4FB4BA28339C9A001F6857 /* ChaserUITestsLaunchTests.swift in Sources */ = {isa = PBXBuildFile; fileRef = 6F4FB4B928339C9A001F6857 /* ChaserUITestsLaunchTests.swift */; };
/* End PBXBuildFile section */

/* Begin PBXContainerItemProxy section */
		6F4FB4AA28339C9A001F6857 /* PBXContainerItemProxy */ = {
			isa = PBXContainerItemProxy;
			containerPortal = 6F4FB48B28339C98001F6857 /* Project object */;
			proxyType = 1;
			remoteGlobalIDString = 6F4FB49228339C98001F6857;
			remoteInfo = Chaser;
		};
		6F4FB4B428339C9A001F6857 /* PBXContainerItemProxy */ = {
			isa = PBXContainerItemProxy;
			containerPortal = 6F4FB48B28339C98001F6857 /* Project object */;
			proxyType = 1;
			remoteGlobalIDString = 6F4FB49228339C98001F6857;
			remoteInfo = Chaser;
		};
/* End PBXContainerItemProxy section */

/* Begin PBXFileReference section */
		6F4FB49328339C98001F6857 /* Chaser.app */ = {isa = PBXFileReference; explicitFileType = wrapper.application; includeInIndex = 0; path = Chaser.app; sourceTree = BUILT_PRODUCTS_DIR; };
		6F4FB49628339C98001F6857 /* AppDelegate.swift */ = {isa = PBXFileReference; lastKnownFileType = sourcecode.swift; path = AppDelegate.swift; sourceTree = "<group>"; };
		6F4FB49828339C98001F6857 /* SceneDelegate.swift */ = {isa = PBXFileReference; lastKnownFileType = sourcecode.swift; path = SceneDelegate.swift; sourceTree = "<group>"; };
		6F4FB49A28339C98001F6857 /* ViewController.swift */ = {isa = PBXFileReference; lastKnownFileType = sourcecode.swift; path = ViewController.swift; sourceTree = "<group>"; };
		6F4FB49D28339C98001F6857 /* Base */ = {isa = PBXFileReference; lastKnownFileType = file.storyboard; name = Base; path = Base.lproj/Main.storyboard; sourceTree = "<group>"; };
		6F4FB49F28339C9A001F6857 /* Assets.xcassets */ = {isa = PBXFileReference; lastKnownFileType = folder.assetcatalog; path = Assets.xcassets; sourceTree = "<group>"; };
		6F4FB4A228339C9A001F6857 /* Base */ = {isa = PBXFileReference; lastKnownFileType = file.storyboard; name = Base; path = Base.lproj/LaunchScreen.storyboard; sourceTree = "<group>"; };
		6F4FB4A428339C9A001F6857 /* Info.plist */ = {isa = PBXFileReference; lastKnownFileType = text.plist.xml; path = Info.plist; sourceTree = "<group>"; };
		6F4FB4A928339C9A001F6857 /* ChaserTests.xctest */ = {isa = PBXFileReference; explicitFileType = wrapper.cfbundle; includeInIndex = 0; path = ChaserTests.xctest; sourceTree = BUILT_PRODUCTS_DIR; };
		6F4FB4AD28339C9A001F6857 /* ChaserTests.swift */ = {isa = PBXFileReference; lastKnownFileType = sourcecode.swift; path = ChaserTests.swift; sourceTree = "<group>"; };
		6F4FB4B328339C9A001F6857 /* ChaserUITests.xctest */ = {isa = PBXFileReference; explicitFileType = wrapper.cfbundle; includeInIndex = 0; path = ChaserUITests.xctest; sourceTree = BUILT_PRODUCTS_DIR; };
		6F4FB4B728339C9A001F6857 /* ChaserUITests.swift */ = {isa = PBXFileReference; lastKnownFileType = sourcecode.swift; path = ChaserUITests.swift; sourceTree = "<group>"; };
		6F4FB4B928339C9A001F6857 /* ChaserUITestsLaunchTests.swift */ = {isa = PBXFileReference; lastKnownFileType = sourcecode.swift; path = ChaserUITestsLaunchTests.swift; sourceTree = "<group>"; };
		FR_03C2570CD1341FCA3C9C99F58AFDF3CC /* Chaser-Release.xcconfig */ = {isa = PBXFileReference; explicitFileType = text.xcconfig; lastKnownFileType = text.xcconfig; name = "Chaser-Release.xcconfig"; path = "Chaser-Release.xcconfig"; sourceTree = "<absolute>"; };
		FR_03C2570CD1341FCA3C9C99F58AFDF3CC_2 /* Chaser-Release.xcconfig */ = {isa = PBXFileReference; explicitFileType = text.xcconfig; lastKnownFileType = text.xcconfig; name = "Chaser-Release.xcconfig"; path = "configs/Chaser-Release.xcconfig"; sourceTree = "<absolute>"; };
		FR_0B87F13F75251ADA05A3CC257C1CB8BA /* Release.xcconfig */ = {isa = PBXFileReference; explicitFileType = text.xcconfig; lastKnownFileType = text.xcconfig; name = Release.xcconfig; path = Release.xcconfig; sourceTree = "<absolute>"; };
		FR_0B87F13F75251ADA05A3CC257C1CB8BA_2 /* Release.xcconfig */ = {isa = PBXFileReference; explicitFileType = text.xcconfig; lastKnownFileType = text.xcconfig; name = Release.xcconfig; path = configs/Release.xcconfig; sourceTree = "<absolute>"; };
		FR_1EA5BE3B4FA1873991DC11CF5FE18C62 /* ChaserTests-Release.xcconfig */ = {isa = PBXFileReference; explicitFileType = text.xcconfig; lastKnownFileType = text.xcconfig; name = "ChaserTests-Release.xcconfig"; path = "ChaserTests-Release.xcconfig"; sourceTree = "<absolute>"; };
		FR_1EA5BE3B4FA1873991DC11CF5FE18C62_2 /* ChaserTests-Release.xcconfig */ = {isa = PBXFileReference; explicitFileType = text.xcconfig; lastKnownFileType = text.xcconfig; name = "ChaserTests-Release.xcconfig"; path = "configs/ChaserTests-Release.xcconfig"; sourceTree = "<absolute>"; };
		FR_5941E6C2F1C7C82488329FEC2741587E /* Chaser-Debug.xcconfig */ = {isa = PBXFileReference; explicitFileType = text.xcconfig; lastKnownFileType = text.xcconfig; name = "Chaser-Debug.xcconfig"; path = "Chaser-Debug.xcconfig"; sourceTree = "<absolute>"; };
		FR_5941E6C2F1C7C82488329FEC2741587E_2 /* Chaser-Debug.xcconfig */ = {isa = PBXFileReference; explicitFileType = text.xcconfig; lastKnownFileType = text.xcconfig; name = "Chaser-Debug.xcconfig"; path = "configs/Chaser-Debug.xcconfig"; sourceTree = "<absolute>"; };
		FR_59B456873755716A32740F5739FA3CD7 /* ChaserTests.xcconfig */ = {isa = PBXFileReference; explicitFileType = text.xcconfig; lastKnownFileType = text.xcconfig; name = ChaserTests.xcconfig; path = ChaserTests.xcconfig; sourceTree = "<absolute>"; };
		FR_59B456873755716A32740F5739FA3CD7_2 /* ChaserTests.xcconfig */ = {isa = PBXFileReference; explicitFileType = text.xcconfig; lastKnownFileType = text.xcconfig; name = ChaserTests.xcconfig; path = configs/ChaserTests.xcconfig; sourceTree = "<absolute>"; };
		FR_A22BE3E076EB0FA44669B5179715447F /* ChaserUITests-Release.xcconfig */ = {isa = PBXFileReference; explicitFileType = text.xcconfig; lastKnownFileType = text.xcconfig; name = "ChaserUITests-Release.xcconfig"; path = "ChaserUITests-Release.xcconfig"; sourceTree = "<absolute>"; };
		FR_A22BE3E076EB0FA44669B5179715447F_2 /* ChaserUITests-Release.xcconfig */ = {isa = PBXFileReference; explicitFileType = text.xcconfig; lastKnownFileType = text.xcconfig; name = "ChaserUITests-Release.xcconfig"; path = "configs/ChaserUITests-Release.xcconfig"; sourceTree = "<absolute>"; };
		FR_A7F5419AC2F1B34F570988584E1EF73C /* Debug.xcconfig */ = {isa = PBXFileReference; explicitFileType = text.xcconfig; lastKnownFileType = text.xcconfig; name = Debug.xcconfig; path = Debug.xcconfig; sourceTree = "<absolute>"; };
		FR_A7F5419AC2F1B34F570988584E1EF73C_2 /* Debug.xcconfig */ = {isa = PBXFileReference; explicitFileType = text.xcconfig; lastKnownFileType = text.xcconfig; name = Debug.xcconfig; path = configs/Debug.xcconfig; sourceTree = "<absolute>"; };
		FR_B314799A6E6CEDB5C743728EE38649BF /* Chaser.xcconfig */ = {isa = PBXFileReference; explicitFileType = text.xcconfig; lastKnownFileType = text.xcconfig; name = Chaser.xcconfig; path = Chaser.xcconfig; sourceTree = "<absolute>"; };
		FR_B314799A6E6CEDB5C743728EE38649BF_2 /* Chaser.xcconfig */ = {isa = PBXFileReference; explicitFileType = text.xcconfig; lastKnownFileType = text.xcconfig; name = Chaser.xcconfig; path = configs/Chaser.xcconfig; sourceTree = "<absolute>"; };
		FR_C0340507FDC2DDAE611B7620E2419E0A /* ChaserUITests-Debug.xcconfig */ = {isa = PBXFileReference; explicitFileType = text.xcconfig; lastKnownFileType = text.xcconfig; name = "ChaserUITests-Debug.xcconfig"; path = "ChaserUITests-Debug.xcconfig"; sourceTree = "<absolute>"; };
		FR_C0340507FDC2DDAE611B7620E2419E0A_2 /* ChaserUITests-Debug.xcconfig */ = {isa = PBXFileReference; explicitFileType = text.xcconfig; lastKnownFileType = text.xcconfig; name = "ChaserUITests-Debug.xcconfig"; path = "configs/ChaserUITests-Debug.xcconfig"; sourceTree = "<absolute>"; };
		FR_C3F28E55A0BF7E6B80284F264A51ECD0 /* ChaserUITests.xcconfig */ = {isa = PBXFileReference; explicitFileType = text.xcconfig; lastKnownFileType = text.xcconfig; name = ChaserUITests.xcconfig; path = ChaserUITests.xcconfig; sourceTree = "<absolute>"; };
		FR_C3F28E55A0BF7E6B80284F264A51ECD0_2 /* ChaserUITests.xcconfig */ = {isa = PBXFileReference; explicitFileType = text.xcconfig; lastKnownFileType = text.xcconfig; name = ChaserUITests.xcconfig; path = configs/ChaserUITests.xcconfig; sourceTree = "<absolute>"; };
		FR_C723E08A44A06545CC5CE7B3EFD013EC /* Base.xcconfig */ = {isa = PBXFileReference; explicitFileType = text.xcconfig; lastKnownFileType = text.xcconfig; name = Base.xcconfig; path = Base.xcconfig; sourceTree = "<absolute>"; };
		FR_C723E08A44A06545CC5CE7B3EFD013EC_2 /* Base.xcconfig */ = {isa = PBXFileReference; explicitFileType = text.xcconfig; lastKnownFileType = text.xcconfig; name = Base.xcconfig; path = configs/Base.xcconfig; sourceTree = "<absolute>"; };
		FR_D5E36C6F66D2233188325764D6A7868A /* ChaserTests-Debug.xcconfig */ = {isa = PBXFileReference; explicitFileType = text.xcconfig; lastKnownFileType = text.xcconfig; name = "ChaserTests-Debug.xcconfig"; path = "ChaserTests-Debug.xcconfig"; sourceTree = "<absolute>"; };
		FR_D5E36C6F66D2233188325764D6A7868A_2 /* ChaserTests-Debug.xcconfig */ = {isa = PBXFileReference; explicitFileType = text.xcconfig; lastKnownFileType = text.xcconfig; name = "ChaserTests-Debug.xcconfig"; path = "configs/ChaserTests-Debug.xcconfig"; sourceTree = "<absolute>"; };
/* End PBXFileReference section */

/* Begin PBXFrameworksBuildPhase section */
		6F4FB49028339C98001F6857 /* Frameworks */ = {
			isa = PBXFrameworksBuildPhase;
			buildActionMask = 2147483647;
			files = (
			);
			runOnlyForDeploymentPostprocessing = 0;
		};
		6F4FB4A628339C9A001F6857 /* Frameworks */ = {
			isa = PBXFrameworksBuildPhase;
			buildActionMask = 2147483647;
			files = (
			);
			runOnlyForDeploymentPostprocessing = 0;
		};
		6F4FB4B028339C9A001F6857 /* Frameworks */ = {
			isa = PBXFrameworksBuildPhase;
			buildActionMask = 2147483647;
			files = (
			);
			runOnlyForDeploymentPostprocessing = 0;
		};
/* End PBXFrameworksBuildPhase section */

/* Begin PBXGroup section */
		6F4FB48A28339C98001F6857 = {
			isa = PBXGroup;
			children = (
				6F4FB49528339C98001F6857 /* Chaser */,
				6F4FB4AC28339C9A001F6857 /* ChaserTests */,
				6F4FB4B628339C9A001F6857 /* ChaserUITests */,
				6F4FB49428339C98001F6857 /* Products */,
				G_BDD938500A9A2ACD81F9E8B1960C0B7E /* configs */,
				G_BDD938500A9A2ACD81F9E8B1960C0B7E_2 /* configs */,
			);
			sourceTree = "<group>";
		};
		6F4FB49428339C98001F6857 /* Products */ = {
			isa = PBXGroup;
			children = (
				6F4FB49328339C98001F6857 /* Chaser.app */,
				6F4FB4A928339C9A001F6857 /* ChaserTests.xctest */,
				6F4FB4B328339C9A001F6857 /* ChaserUITests.xctest */,
			);
			name = Products;
			sourceTree = "<group>";
		};
		6F4FB49528339C98001F6857 /* Chaser */ = {
			isa = PBXGroup;
			children = (
				6F4FB49628339C98001F6857 /* AppDelegate.swift */,
				6F4FB49828339C98001F6857 /* SceneDelegate.swift */,
				6F4FB49A28339C98001F6857 /* ViewController.swift */,
				6F4FB49C28339C98001F6857 /* Main.storyboard */,
				6F4FB49F28339C9A001F6857 /* Assets.xcassets */,
				6F4FB4A128339C9A001F6857 /* LaunchScreen.storyboard */,
				6F4FB4A428339C9A001F6857 /* Info.plist */,
			);
			path = Chaser;
			sourceTree = "<group>";
		};
		6F4FB4AC28339C9A001F6857 /* ChaserTests */ = {
			isa = PBXGroup;
			children = (
				6F4FB4AD28339C9A001F6857 /* ChaserTests.swift */,
			);
			path = ChaserTests;
			sourceTree = "<group>";
		};
		6F4FB4B628339C9A001F6857 /* ChaserUITests */ = {
			isa = PBXGroup;
			children = (
				6F4FB4B728339C9A001F6857 /* ChaserUITests.swift */,
				6F4FB4B928339C9A001F6857 /* ChaserUITestsLaunchTests.swift */,
			);
			path = ChaserUITests;
			sourceTree = "<group>";
		};
		G_BDD938500A9A2ACD81F9E8B1960C0B7E /* configs */ = {
			isa = PBXGroup;
			children = (
				FR_C3F28E55A0BF7E6B80284F264A51ECD0 /* ChaserUITests.xcconfig */,
				FR_1EA5BE3B4FA1873991DC11CF5FE18C62 /* ChaserTests-Release.xcconfig */,
				FR_A22BE3E076EB0FA44669B5179715447F /* ChaserUITests-Release.xcconfig */,
				FR_5941E6C2F1C7C82488329FEC2741587E /* Chaser-Debug.xcconfig */,
				FR_A7F5419AC2F1B34F570988584E1EF73C /* Debug.xcconfig */,
				FR_0B87F13F75251ADA05A3CC257C1CB8BA /* Release.xcconfig */,
				FR_59B456873755716A32740F5739FA3CD7 /* ChaserTests.xcconfig */,
				FR_B314799A6E6CEDB5C743728EE38649BF /* Chaser.xcconfig */,
				FR_03C2570CD1341FCA3C9C99F58AFDF3CC /* Chaser-Release.xcconfig */,
				FR_C0340507FDC2DDAE611B7620E2419E0A /* ChaserUITests-Debug.xcconfig */,
				FR_D5E36C6F66D2233188325764D6A7868A /* ChaserTests-Debug.xcconfig */,
				FR_C723E08A44A06545CC5CE7B3EFD013EC /* Base.xcconfig */,
			);
			name = configs;
			sourceTree = "<group>";
		};
		G_BDD938500A9A2ACD81F9E8B1960C0B7E_2 /* configs */ = {
			isa = PBXGroup;
			children = (
				FR_C3F28E55A0BF7E6B80284F264A51ECD0 /* ChaserUITests.xcconfig */,
				FR_C3F28E55A0BF7E6B80284F264A51ECD0_2 /* ChaserUITests.xcconfig */,
				FR_1EA5BE3B4FA1873991DC11CF5FE18C62 /* ChaserTests-Release.xcconfig */,
				FR_1EA5BE3B4FA1873991DC11CF5FE18C62_2 /* ChaserTests-Release.xcconfig */,
				FR_A22BE3E076EB0FA44669B5179715447F /* ChaserUITests-Release.xcconfig */,
				FR_A22BE3E076EB0FA44669B5179715447F_2 /* ChaserUITests-Release.xcconfig */,
				FR_5941E6C2F1C7C82488329FEC2741587E /* Chaser-Debug.xcconfig */,
				FR_5941E6C2F1C7C82488329FEC2741587E_2 /* Chaser-Debug.xcconfig */,
				FR_A7F5419AC2F1B34F570988584E1EF73C /* Debug.xcconfig */,
				FR_A7F5419AC2F1B34F570988584E1EF73C_2 /* Debug.xcconfig */,
				FR_0B87F13F75251ADA05A3CC257C1CB8BA /* Release.xcconfig */,
				FR_0B87F13F75251ADA05A3CC257C1CB8BA_2 /* Release.xcconfig */,
				FR_59B456873755716A32740F5739FA3CD7 /* ChaserTests.xcconfig */,
				FR_59B456873755716A32740F5739FA3CD7_2 /* ChaserTests.xcconfig */,
				FR_B314799A6E6CEDB5C743728EE38649BF /* Chaser.xcconfig */,
				FR_B314799A6E6CEDB5C743728EE38649BF_2 /* Chaser.xcconfig */,
				FR_03C2570CD1341FCA3C9C99F58AFDF3CC /* Chaser-Release.xcconfig */,
				FR_03C2570CD1341FCA3C9C99F58AFDF3CC_2 /* Chaser-Release.xcconfig */,
				FR_C0340507FDC2DDAE611B7620E2419E0A /* ChaserUITests-Debug.xcconfig */,
				FR_C0340507FDC2DDAE611B7620E2419E0A_2 /* ChaserUITests-Debug.xcconfig */,
				FR_D5E36C6F66D2233188325764D6A7868A /* ChaserTests-Debug.xcconfig */,
				FR_D5E36C6F66D2233188325764D6A7868A_2 /* ChaserTests-Debug.xcconfig */,
				FR_C723E08A44A06545CC5CE7B3EFD013EC /* Base.xcconfig */,
				FR_C723E08A44A06545CC5CE7B3EFD013EC_2 /* Base.xcconfig */,
			);
			name = configs;
			sourceTree = "<group>";
		};
/* End PBXGroup section */

/* Begin PBXNativeTarget section */
		6F4FB49228339C98001F6857 /* Chaser */ = {
			isa = PBXNativeTarget;
			buildConfigurationList = 6F4FB4BD28339C9A001F6857 /* Build configuration list for PBXNativeTarget "Chaser" */;
			buildPhases = (
				6F4FB48F28339C98001F6857 /* Sources */,
				6F4FB49028339C98001F6857 /* Frameworks */,
				6F4FB49128339C98001F6857 /* Resources */,
			);
			buildRules = (
			);
			dependencies = (
			);
			name = Chaser;
			productName = Chaser;
			productReference = 6F4FB49328339C98001F6857 /* Chaser.app */;
			productType = "com.apple.product-type.application";
		};
		6F4FB4A828339C9A001F6857 /* ChaserTests */ = {
			isa = PBXNativeTarget;
			buildConfigurationList = 6F4FB4C028339C9A001F6857 /* Build configuration list for PBXNativeTarget "ChaserTests" */;
			buildPhases = (
				6F4FB4A528339C9A001F6857 /* Sources */,
				6F4FB4A628339C9A001F6857 /* Frameworks */,
				6F4FB4A728339C9A001F6857 /* Resources */,
			);
			buildRules = (
			);
			dependencies = (
				6F4FB4AB28339C9A001F6857 /* PBXTargetDependency */,
			);
			name = ChaserTests;
			productName = ChaserTests;
			productReference = 6F4FB4A928339C9A001F6857 /* ChaserTests.xctest */;
			productType = "com.apple.product-type.bundle.unit-test";
		};
		6F4FB4B228339C9A001F6857 /* ChaserUITests */ = {
			isa = PBXNativeTarget;
			buildConfigurationList = 6F4FB4C328339C9A001F6857 /* Build configuration list for PBXNativeTarget "ChaserUITests" */;
			buildPhases = (
				6F4FB4AF28339C9A001F6857 /* Sources */,
				6F4FB4B028339C9A001F6857 /* Frameworks */,
				6F4FB4B128339C9A001F6857 /* Resources */,
			);
			buildRules = (
			);
			dependencies = (
				6F4FB4B528339C9A001F6857 /* PBXTargetDependency */,
			);
			name = ChaserUITests;
			productName = ChaserUITests;
			productReference = 6F4FB4B328339C9A001F6857 /* ChaserUITests.xctest */;
			productType = "com.apple.product-type.bundle.ui-testing";
		};
/* End PBXNativeTarget section */

/* Begin PBXProject section */
		6F4FB48B28339C98001F6857 /* Project object */ = {
			isa = PBXProject;
			attributes = {
				BuildIndependentTargetsInParallel = 1;
				LastSwiftUpdateCheck = 1320;
				LastUpgradeCheck = 1320;
				TargetAttributes = {
					6F4FB49228339C98001F6857 = {
						CreatedOnToolsVersion = 13.2.1;
					};
					6F4FB4A828339C9A001F6857 = {
						CreatedOnToolsVersion = 13.2.1;
						TestTargetID = 6F4FB49228339C98001F6857;
					};
					6F4FB4B228339C9A001F6857 = {
						CreatedOnToolsVersion = 13.2.1;
						TestTargetID = 6F4FB49228339C98001F6857;
					};
				};
			};
			buildConfigurationList = 6F4FB48E28339C98001F6857 /* Build configuration list for PBXProject "Chaser" */;
			compatibilityVersion = "Xcode 13.0";
			developmentRegion = en;
			hasScannedForEncodings = 0;
			knownRegions = (
				en,
				Base,
			);
			mainGroup = 6F4FB48A28339C98001F6857;
			productRefGroup = 6F4FB49428339C98001F6857 /* Products */;
			projectDirPath = "";
			projectRoot = "";
			targets = (
				6F4FB49228339C98001F6857 /* Chaser */,
				6F4FB4A828339C9A001F6857 /* ChaserTests */,
				6F4FB4B228339C9A001F6857 /* ChaserUITests */,
			);
		};
/* End PBXProject section */

/* Begin PBXResourcesBuildPhase section */
		6F4FB49128339C98001F6857 /* Resources */ = {
			isa = PBXResourcesBuildPhase;
			buildActionMask = 2147483647;
			files = (
				6F4FB4A328339C9A001F6857 /* LaunchScreen.storyboard in Resources */,
				6F4FB4A028339C9A001F6857 /* Assets.xcassets in Resources */,
				6F4FB49E28339C98001F6857 /* Main.storyboard in Resources */,
			);
			runOnlyForDeploymentPostprocessing = 0;
		};
		6F4FB4A728339C9A001F6857 /* Resources */ = {
			isa = PBXResourcesBuildPhase;
			buildActionMask = 2147483647;
			files = (
			);
			runOnlyForDeploymentPostprocessing = 0;
		};
		6F4FB4B128339C9A001F6857 /* Resources */ = {
			isa = PBXResourcesBuildPhase;
			buildActionMask = 2147483647;
			files = (
			);
			runOnlyForDeploymentPostprocessing = 0;
		};
/* End PBXResourcesBuildPhase section */

/* Begin PBXSourcesBuildPhase section */
		6F4FB48F28339C98001F6857 /* Sources */ = {
			isa = PBXSourcesBuildPhase;
			buildActionMask = 2147483647;
			files = (
				6F4FB49B28339C98001F6857 /* ViewController.swift in Sources */,
				6F4FB49728339C98001F6857 /* AppDelegate.swift in Sources */,
				6F4FB49928339C98001F6857 /* SceneDelegate.swift in Sources */,
			);
			runOnlyForDeploymentPostprocessing = 0;
		};
		6F4FB4A528339C9A001F6857 /* Sources */ = {
			isa = PBXSourcesBuildPhase;
			buildActionMask = 2147483647;
			files = (
				6F4FB4AE28339C9A001F6857 /* ChaserTests.swift in Sources */,
			);
			runOnlyForDeploymentPostprocessing = 0;
		};
		6F4FB4AF28339C9A001F6857 /* Sources */ = {
			isa = PBXSourcesBuildPhase;
			buildActionMask = 2147483647;
			files = (
				6F4FB4BA28339C9A001F6857 /* ChaserUITestsLaunchTests.swift in Sources */,
				6F4FB4B828339C9A001F6857 /* ChaserUITests.swift in Sources */,
			);
			runOnlyForDeploymentPostprocessing = 0;
		};
/* End PBXSourcesBuildPhase section */

/* Begin PBXTargetDependency section */
		6F4FB4AB28339C9A001F6857 /* PBXTargetDependency */ = {
			isa = PBXTargetDependency;
			target = 6F4FB49228339C98001F6857 /* Chaser */;
			targetProxy = 6F4FB4AA28339C9A001F6857 /* PBXContainerItemProxy */;
		};
		6F4FB4B528339C9A001F6857 /* PBXTargetDependency */ = {
			isa = PBXTargetDependency;
			target = 6F4FB49228339C98001F6857 /* Chaser */;
			targetProxy = 6F4FB4B428339C9A001F6857 /* PBXContainerItemProxy */;
		};
/* End PBXTargetDependency section */

/* Begin PBXVariantGroup section */
		6F4FB49C28339C98001F6857 /* Main.storyboard */ = {
			isa = PBXVariantGroup;
			children = (
				6F4FB49D28339C98001F6857 /* Base */,
			);
			name = Main.storyboard;
			sourceTree = "<group>";
		};
		6F4FB4A128339C9A001F6857 /* LaunchScreen.storyboard */ = {
			isa = PBXVariantGroup;
			children = (
				6F4FB4A228339C9A001F6857 /* Base */,
			);
			name = LaunchScreen.storyboard;
			sourceTree = "<group>";
		};
/* End PBXVariantGroup section */

/* Begin XCBuildConfiguration section */
		6F4FB4BB28339C9A001F6857 /* Debug */ = {
			isa = XCBuildConfiguration;
			baseConfigurationReference = FR_A7F5419AC2F1B34F570988584E1EF73C /* Debug.xcconfig */;
			buildSettings = {
			};
			name = Debug;
		};
		6F4FB4BC28339C9A001F6857 /* Release */ = {
			isa = XCBuildConfiguration;
			baseConfigurationReference = FR_0B87F13F75251ADA05A3CC257C1CB8BA /* Release.xcconfig */;
			buildSettings = {
			};
			name = Release;
		};
		6F4FB4BE28339C9A001F6857 /* Debug */ = {
			isa = XCBuildConfiguration;
			baseConfigurationReference = FR_5941E6C2F1C7C82488329FEC2741587E /* Chaser-Debug.xcconfig */;
			buildSettings = {
			};
			name = Debug;
		};
		6F4FB4BF28339C9A001F6857 /* Release */ = {
			isa = XCBuildConfiguration;
			baseConfigurationReference = FR_03C2570CD1341FCA3C9C99F58AFDF3CC /* Chaser-Release.xcconfig */;
			buildSettings = {
			};
			name = Release;
		};
		6F4FB4C128339C9A001F6857 /* Debug */ = {
			isa = XCBuildConfiguration;
			baseConfigurationReference = FR_D5E36C6F66D2233188325764D6A7868A /* ChaserTests-Debug.xcconfig */;
			buildSettings = {
			};
			name = Debug;
		};
		6F4FB4C228339C9A001F6857 /* Release */ = {
			isa = XCBuildConfiguration;
			baseConfigurationReference = FR_1EA5BE3B4FA1873991DC11CF5FE18C62 /* ChaserTests-Release.xcconfig */;
			buildSettings = {
			};
			name = Release;
		};
		6F4FB4C428339C9A001F6857 /* Debug */ = {
			isa = XCBuildConfiguration;
			baseConfigurationReference = FR_C0340507FDC2DDAE611B7620E2419E0A /* ChaserUITests-Debug.xcconfig */;
			buildSettings = {
			};
			name = Debug;
		};
		6F4FB4C528339C9A001F6857 /* Release */ = {
			isa = XCBuildConfiguration;
			baseConfigurationReference = FR_A22BE3E076EB0FA44669B5179715447F /* ChaserUITests-Release.xcconfig */;
			buildSettings = {
			};
			name = Release;
		};
/* End XCBuildConfiguration section */

/* Begin XCConfigurationList section */
		6F4FB48E28339C98001F6857 /* Build configuration list for PBXProject "Chaser" */ = {
			isa = XCConfigurationList;
			buildConfigurations = (
				6F4FB4BB28339C9A001F6857 /* Debug */,
				6F4FB4BC28339C9A001F6857 /* Release */,
			);
			defaultConfigurationIsVisible = 0;
			defaultConfigurationName = Release;
		};
		6F4FB4BD28339C9A001F6857 /* Build configuration list for PBXNativeTarget "Chaser" */ = {
			isa = XCConfigurationList;
			buildConfigurations = (
				6F4FB4BE28339C9A001F6857 /* Debug */,
				6F4FB4BF28339C9A001F6857 /* Release */,
			);
			defaultConfigurationIsVisible = 0;
			defaultConfigurationName = Release;
		};
		6F4FB4C028339C9A001F6857 /* Build configuration list for PBXNativeTarget "ChaserTests" */ = {
			isa = XCConfigurationList;
			buildConfigurations = (
				6F4FB4C128339C9A001F6857 /* Debug */,
				6F4FB4C228339C9A001F6857 /* Release */,
			);
			defaultConfigurationIsVisible = 0;
			defaultConfigurationName = Release;
		};
		6F4FB4C328339C9A001F6857 /* Build configuration list for PBXNativeTarget "ChaserUITests" */ = {
			isa = XCConfigurationList;
			buildConfigurations = (
				6F4FB4C428339C9A001F6857 /* Debug */,
				6F4FB4C528339C9A001F6857 /* Release */,
			);
			defaultConfigurationIsVisible = 0;
			defaultConfigurationName = Release;
		};
/* End XCConfigurationList section */
	};
	rootObject = 6F4FB48B28339C98001F6857 /* Project object */;
}
